dependencies:
- name: cert-manager
  repository: https://charts.jetstack.io
  version: v1.16.3
- name: cert-manager-webhook-inwx
  repository: https://smueller18.gitlab.io/helm-charts
  version: 0.5.0
digest: sha256:0a289c88099eade79b9e69f29f22ff25995b741fb76632a75226653f9ac86d6d
generated: "2025-01-16T20:19:17.669684266Z"
