dependencies:
- name: common
  repository: https://bjw-s-labs.github.io/helm-charts/
  version: 5.0.1
- name: redis
  repository: https://groundhog2k.github.io/helm-charts
  version: 2.3.3
digest: sha256:96ceaa8a9bd1cb7efc091c05a40cd262c79f6537087c321688ba0a35e54b1eee
generated: "2026-05-27T20:47:11.755286+02:00"
