dependencies:
- name: kube-state-metrics
  repository: https://prometheus-community.github.io/helm-charts
  version: 6.3.0
- name: prometheus
  repository: https://prometheus-community.github.io/helm-charts
  version: 27.41.0
- name: grafana
  repository: https://grafana.github.io/helm-charts
  version: 10.1.1
digest: sha256:f890ff2d943f5853b09c71ee1464ebd9a54ec377db0e6803c36c5f7d9f55c89b
generated: "2025-10-16T07:15:17.184945462Z"
