dependencies:
- name: kube-state-metrics
  repository: https://prometheus-community.github.io/helm-charts
  version: 7.5.3
- name: prometheus
  repository: https://prometheus-community.github.io/helm-charts
  version: 29.14.0
- name: grafana
  repository: https://grafana.github.io/helm-charts
  version: 10.5.15
digest: sha256:eb1eeb4a3f87cd295fb2974bb3640992f85063f38a3133fa3e06bcbe2313f5b4
generated: "2026-07-10T13:56:55.2879488Z"
