dependencies:
- name: kube-state-metrics
  repository: https://prometheus-community.github.io/helm-charts
  version: 6.4.2
- name: prometheus
  repository: https://prometheus-community.github.io/helm-charts
  version: 27.48.0
- name: grafana
  repository: https://grafana.github.io/helm-charts
  version: 10.2.0
digest: sha256:c4bea14e0c9efe78c5746ae3825d0d3c909327230da5a6a35864974d7bdbc23a
generated: "2025-12-01T01:52:51.960545045Z"
