dependencies:
- name: docker-registry
  repository: https://twuni.github.io/docker-registry.helm
  version: 3.0.0
- name: docker-registry-browser
  repository: https://klausmeyer.github.io/helm-charts
  version: 0.3.0
digest: sha256:3c21f4841627ed959ea7c34d47ce85ec6b062beeced6ac19bc46816fda91fe9f
generated: "2025-11-05T09:04:04.055299+01:00"
