dependencies:
- name: common
  repository: https://bjw-s-labs.github.io/helm-charts/
  version: 5.1.0
- name: tailscale-operator
  repository: https://pkgs.tailscale.com/helmcharts
  version: 1.102.3
digest: sha256:ad6905da130b3125ebbf315f69fe5cf8eee598ce5a19999759a15dfa6f5c8d2e
generated: "2026-08-20T15:37:47.109385057Z"
