dependencies:
- name: common
  repository: https://bjw-s-labs.github.io/helm-charts/
  version: 5.2.0
- name: tailscale-operator
  repository: https://pkgs.tailscale.com/helmcharts
  version: 1.102.3
digest: sha256:3cc7787fbe47986c04067466d7d33dbfcf2192fed013368f374b9338b7a2926f
generated: "2026-09-17T05:35:31.11628155Z"
