dependencies:
- name: common
  repository: https://bjw-s-labs.github.io/helm-charts/
  version: 5.2.0
- name: tailscale-operator
  repository: https://pkgs.tailscale.com/helmcharts
  version: 1.102.4
digest: sha256:279ded4dd380142926dc0c29bba64dfef6989e9d1fc817e826918bb08d5bcb61
generated: "2026-09-18T02:50:19.181355237Z"
