dependencies:
- name: cluster
  repository: https://cloudnative-pg.github.io/charts
  version: 0.5.0
- name: pg-backup
  repository: oci://registry-1.docker.io/klausmeyer
  version: 0.1.0
digest: sha256:549de5eb30c3fb2b08ebf2bf60fb55125ba301bea4daa8c7eccbbc0740c19a19
generated: "2026-02-11T19:51:05.59004664Z"
