dependencies:
- name: cluster
  repository: https://cloudnative-pg.github.io/charts
  version: 0.4.0
- name: pg-backup
  repository: oci://registry-1.docker.io/klausmeyer
  version: 0.1.0
digest: sha256:0b9e919d31c83f81d0c53de72ce77d1ce96f62d13ae474b154b21aadc95ba99e
generated: "2026-02-01T18:24:29.877689+01:00"
