dependencies:
- name: cluster
  repository: https://cloudnative-pg.github.io/charts
  version: 0.4.0
- name: pg-backup
  repository: oci://registry-1.docker.io/klausmeyer
  version: 0.1.0
- name: pg-backup
  repository: oci://registry-1.docker.io/klausmeyer
  version: 0.1.0
digest: sha256:b8a723fd28f7954b54ee9c32be2fc3546c42cb31c98590d1f919273f0657ac2a
generated: "2026-02-05T18:04:27.276673+01:00"
