dependencies:
- name: longhorn
  repository: https://charts.longhorn.io
  version: 1.11.1
- name: oauth2-proxy
  repository: https://oauth2-proxy.github.io/manifests
  version: 10.4.1
digest: sha256:1881cfa73d668ecca60b67163f8b334c6622085df689a1b8e5719fb841c119db
generated: "2026-03-29T08:57:27.718527165Z"
