dependencies:
- name: longhorn
  repository: https://charts.longhorn.io
  version: 1.11.2
- name: oauth2-proxy
  repository: https://oauth2-proxy.github.io/manifests
  version: 10.4.3
digest: sha256:68e6b3ef1b543ab28788ec995a42ff171277c564f0fc6fd990bdfc8912cb0e1c
generated: "2026-05-05T10:51:27.708702275Z"
