dependencies:
- name: common
  repository: https://bjw-s-labs.github.io/helm-charts/
  version: 4.6.2
- name: oauth2-proxy
  repository: https://oauth2-proxy.github.io/manifests
  version: 10.1.1
digest: sha256:6c1023afb7f10b3c71c591528c285e92cdd7b09665f9f591431339251013e7b6
generated: "2026-01-24T17:56:59.225978029Z"
